
Microsoft Visual Studio Solution File, Format Version 12.00
# Visual Studio 14
VisualStudioVersion = 14.0.24720.0
MinimumVisualStudioVersion = 10.0.40219.1
Project("{FAE04EC0-301F-11D3-BF4B-00C04F79EFBC}") = "FarmITApp", "FarmITApp\FarmITApp.csproj", "{94D79EF3-24F5-40E2-BD4C-844B6972AD7E}"
EndProject
Global
	GlobalSection(SolutionConfigurationPlatforms) = preSolution
		Debug|Any CPU = Debug|Any CPU
		Release|Any CPU = Release|Any CPU
	EndGlobalSection
	GlobalSection(ProjectConfigurationPlatforms) = postSolution
		{94D79EF3-24F5-40E2-BD4C-844B6972AD7E}.Debug|Any CPU.ActiveCfg = Debug|Any CPU
		{94D79EF3-24F5-40E2-BD4C-844B6972AD7E}.Debug|Any CPU.Build.0 = Debug|Any CPU
		{94D79EF3-24F5-40E2-BD4C-844B6972AD7E}.Release|Any CPU.ActiveCfg = Release|Any CPU
		{94D79EF3-24F5-40E2-BD4C-844B6972AD7E}.Release|Any CPU.Build.0 = Release|Any CPU
	EndGlobalSection
	GlobalSection(SolutionProperties) = preSolution
		HideSolutionNode = FALSE
	EndGlobalSection
EndGlobal
